
Microsoft Visual Studio Solution File, Format Version 12.00
# Visual Studio 15
VisualStudioVersion = 15.0.28306.52
MinimumVisualStudioVersion = 10.0.40219.1
Project("{00D1A9C2-B5F0-4AF3-8072-F6C62B433612}") = "COUniversityData", "COUniversityData\COUniversityData.sqlproj", "{BB6A3A4A-2B58-4EB1-B489-5A3401F333A1}"
EndProject
Project("{FAE04EC0-301F-11D3-BF4B-00C04F79EFBC}") = "UnivSite", "UnivSite\UnivSite.csproj", "{AE4D5041-AB63-4F58-ACAD-9B4348FF85CB}"
EndProject
Global
	GlobalSection(SolutionConfigurationPlatforms) = preSolution
		Debug|Any CPU = Debug|Any CPU
		Release|Any CPU = Release|Any CPU
	EndGlobalSection
	GlobalSection(ProjectConfigurationPlatforms) = postSolution
		{BB6A3A4A-2B58-4EB1-B489-5A3401F333A1}.Debug|Any CPU.ActiveCfg = Debug|Any CPU
		{BB6A3A4A-2B58-4EB1-B489-5A3401F333A1}.Debug|Any CPU.Build.0 = Debug|Any CPU
		{BB6A3A4A-2B58-4EB1-B489-5A3401F333A1}.Debug|Any CPU.Deploy.0 = Debug|Any CPU
		{BB6A3A4A-2B58-4EB1-B489-5A3401F333A1}.Release|Any CPU.ActiveCfg = Release|Any CPU
		{BB6A3A4A-2B58-4EB1-B489-5A3401F333A1}.Release|Any CPU.Build.0 = Release|Any CPU
		{BB6A3A4A-2B58-4EB1-B489-5A3401F333A1}.Release|Any CPU.Deploy.0 = Release|Any CPU
		{AE4D5041-AB63-4F58-ACAD-9B4348FF85CB}.Debug|Any CPU.ActiveCfg = Debug|Any CPU
		{AE4D5041-AB63-4F58-ACAD-9B4348FF85CB}.Debug|Any CPU.Build.0 = Debug|Any CPU
		{AE4D5041-AB63-4F58-ACAD-9B4348FF85CB}.Release|Any CPU.ActiveCfg = Release|Any CPU
		{AE4D5041-AB63-4F58-ACAD-9B4348FF85CB}.Release|Any CPU.Build.0 = Release|Any CPU
	EndGlobalSection
	GlobalSection(SolutionProperties) = preSolution
		HideSolutionNode = FALSE
	EndGlobalSection
	GlobalSection(ExtensibilityGlobals) = postSolution
		SolutionGuid = {E594E4C3-66D7-46EF-9B69-635CF78F4944}
	EndGlobalSection
EndGlobal
